
Microsoft Visual Studio Solution File, Format Version 12.00
# Visual Studio Version 17
VisualStudioVersion = 17.10.35027.167
MinimumVisualStudioVersion = 10.0.40219.1
Project("{9A19103F-16F7-4668-BE54-9A1E7A4F7556}") = "BalticsFitness.API", "BalticsFitness.API\BalticsFitness.API.csproj", "{C51D75BD-3533-423D-B7F8-5C0DA05F8320}"
EndProject
Project("{9A19103F-16F7-4668-BE54-9A1E7A4F7556}") = "Domain", "Domain\Domain.csproj", "{6E7D79F8-6F02-4DED-8DBA-A37D6CA2FFA2}"
EndProject
Project("{2150E333-8FDC-42A3-9474-1A3956D46DE8}") = "Core", "Core", "{B45B847D-D215-49F1-98CF-A74DD71D9B52}"
EndProject
Project("{2150E333-8FDC-42A3-9474-1A3956D46DE8}") = "Infrastructure", "Infrastructure", "{5FAEA645-0AE4-4B55-87FA-122491D2E3FF}"
EndProject
Project("{9A19103F-16F7-4668-BE54-9A1E7A4F7556}") = "Persistence", "Persistence\Persistence.csproj", "{F4C679F7-B412-4E82-A100-5F157C2D6C79}"
EndProject
Project("{9A19103F-16F7-4668-BE54-9A1E7A4F7556}") = "Application", "Application\Application.csproj", "{D40EB19A-40DB-421E-BBE9-95CADA22B560}"
EndProject
Project("{FAE04EC0-301F-11D3-BF4B-00C04F79EFBC}") = "Infrastructure", "Infrastructure\Infrastructure.csproj", "{5446CB62-9DD8-404D-8F51-02128A29D32F}"
EndProject
Project("{2150E333-8FDC-42A3-9474-1A3956D46DE8}") = "BuildingBlocks", "BuildingBlocks", "{08D75422-3747-4CDE-BC09-D1BA6AF4CB70}"
EndProject
Project("{FAE04EC0-301F-11D3-BF4B-00C04F79EFBC}") = "BuildingBlocks.cs", "BuildingBlocks\BuildingBlocks.cs\BuildingBlocks.cs.csproj", "{0CAC8E99-13F6-4C9A-AB7A-07CFCE340CBD}"
EndProject
Global
	GlobalSection(SolutionConfigurationPlatforms) = preSolution
		Debug|Any CPU = Debug|Any CPU
		Release|Any CPU = Release|Any CPU
	EndGlobalSection
	GlobalSection(ProjectConfigurationPlatforms) = postSolution
		{C51D75BD-3533-423D-B7F8-5C0DA05F8320}.Debug|Any CPU.ActiveCfg = Debug|Any CPU
		{C51D75BD-3533-423D-B7F8-5C0DA05F8320}.Debug|Any CPU.Build.0 = Debug|Any CPU
		{C51D75BD-3533-423D-B7F8-5C0DA05F8320}.Release|Any CPU.ActiveCfg = Release|Any CPU
		{C51D75BD-3533-423D-B7F8-5C0DA05F8320}.Release|Any CPU.Build.0 = Release|Any CPU
		{6E7D79F8-6F02-4DED-8DBA-A37D6CA2FFA2}.Debug|Any CPU.ActiveCfg = Debug|Any CPU
		{6E7D79F8-6F02-4DED-8DBA-A37D6CA2FFA2}.Debug|Any CPU.Build.0 = Debug|Any CPU
		{6E7D79F8-6F02-4DED-8DBA-A37D6CA2FFA2}.Release|Any CPU.ActiveCfg = Release|Any CPU
		{6E7D79F8-6F02-4DED-8DBA-A37D6CA2FFA2}.Release|Any CPU.Build.0 = Release|Any CPU
		{F4C679F7-B412-4E82-A100-5F157C2D6C79}.Debug|Any CPU.ActiveCfg = Debug|Any CPU
		{F4C679F7-B412-4E82-A100-5F157C2D6C79}.Debug|Any CPU.Build.0 = Debug|Any CPU
		{F4C679F7-B412-4E82-A100-5F157C2D6C79}.Release|Any CPU.ActiveCfg = Release|Any CPU
		{F4C679F7-B412-4E82-A100-5F157C2D6C79}.Release|Any CPU.Build.0 = Release|Any CPU
		{D40EB19A-40DB-421E-BBE9-95CADA22B560}.Debug|Any CPU.ActiveCfg = Debug|Any CPU
		{D40EB19A-40DB-421E-BBE9-95CADA22B560}.Debug|Any CPU.Build.0 = Debug|Any CPU
		{D40EB19A-40DB-421E-BBE9-95CADA22B560}.Release|Any CPU.ActiveCfg = Release|Any CPU
		{D40EB19A-40DB-421E-BBE9-95CADA22B560}.Release|Any CPU.Build.0 = Release|Any CPU
		{5446CB62-9DD8-404D-8F51-02128A29D32F}.Debug|Any CPU.ActiveCfg = Debug|Any CPU
		{5446CB62-9DD8-404D-8F51-02128A29D32F}.Debug|Any CPU.Build.0 = Debug|Any CPU
		{5446CB62-9DD8-404D-8F51-02128A29D32F}.Release|Any CPU.ActiveCfg = Release|Any CPU
		{5446CB62-9DD8-404D-8F51-02128A29D32F}.Release|Any CPU.Build.0 = Release|Any CPU
		{0CAC8E99-13F6-4C9A-AB7A-07CFCE340CBD}.Debug|Any CPU.ActiveCfg = Debug|Any CPU
		{0CAC8E99-13F6-4C9A-AB7A-07CFCE340CBD}.Debug|Any CPU.Build.0 = Debug|Any CPU
		{0CAC8E99-13F6-4C9A-AB7A-07CFCE340CBD}.Release|Any CPU.ActiveCfg = Release|Any CPU
		{0CAC8E99-13F6-4C9A-AB7A-07CFCE340CBD}.Release|Any CPU.Build.0 = Release|Any CPU
	EndGlobalSection
	GlobalSection(SolutionProperties) = preSolution
		HideSolutionNode = FALSE
	EndGlobalSection
	GlobalSection(NestedProjects) = preSolution
		{6E7D79F8-6F02-4DED-8DBA-A37D6CA2FFA2} = {B45B847D-D215-49F1-98CF-A74DD71D9B52}
		{F4C679F7-B412-4E82-A100-5F157C2D6C79} = {5FAEA645-0AE4-4B55-87FA-122491D2E3FF}
		{D40EB19A-40DB-421E-BBE9-95CADA22B560} = {B45B847D-D215-49F1-98CF-A74DD71D9B52}
		{5446CB62-9DD8-404D-8F51-02128A29D32F} = {5FAEA645-0AE4-4B55-87FA-122491D2E3FF}
		{0CAC8E99-13F6-4C9A-AB7A-07CFCE340CBD} = {08D75422-3747-4CDE-BC09-D1BA6AF4CB70}
	EndGlobalSection
	GlobalSection(ExtensibilityGlobals) = postSolution
		SolutionGuid = {CA26C373-5825-44DA-9CC3-988BE4D005BD}
	EndGlobalSection
EndGlobal
